// !$*UTF8*$!
{
	archiveVersion = 1;
	classes = {
	};
	objectVersion = 50;
	objects = {

/* Begin PBXBuildFile section */
		5212FCAC2D915AC619E0894A /* Pods_SafeAlert.framework in Frameworks */ = {isa = PBXBuildFile; fileRef = E49E755A5F0A95F2998DA2D8 /* Pods_SafeAlert.framework */; };
		A2359DA721F7D2CD005EEE71 /* LoginViewController.swift in Sources */ = {isa = PBXBuildFile; fileRef = A2359DA621F7D2CD005EEE71 /* LoginViewController.swift */; };
		A2359DA921F7F5D1005EEE71 /* ContactTableViewCell.swift in Sources */ = {isa = PBXBuildFile; fileRef = A2359DA821F7F5D1005EEE71 /* ContactTableViewCell.swift */; };
		A2359DAB21F8DB00005EEE71 /* Contact.swift in Sources */ = {isa = PBXBuildFile; fileRef = A2359DAA21F8DB00005EEE71 /* Contact.swift */; };
		A2359DB121F8E1D9005EEE71 /* AddContactViewController.swift in Sources */ = {isa = PBXBuildFile; fileRef = A2359DB021F8E1D9005EEE71 /* AddContactViewController.swift */; };
		A28BBD1621EEA1D60076F7BC /* AppDelegate.swift in Sources */ = {isa = PBXBuildFile; fileRef = A28BBD1521EEA1D60076F7BC /* AppDelegate.swift */; };
		A28BBD1821EEA1D60076F7BC /* MainViewController.swift in Sources */ = {isa = PBXBuildFile; fileRef = A28BBD1721EEA1D60076F7BC /* MainViewController.swift */; };
		A28BBD1B21EEA1D60076F7BC /* Main.storyboard in Resources */ = {isa = PBXBuildFile; fileRef = A28BBD1921EEA1D60076F7BC /* Main.storyboard */; };
		A28BBD1D21EEA1D90076F7BC /* Assets.xcassets in Resources */ = {isa = PBXBuildFile; fileRef = A28BBD1C21EEA1D90076F7BC /* Assets.xcassets */; };
		A28BBD2021EEA1D90076F7BC /* LaunchScreen.storyboard in Resources */ = {isa = PBXBuildFile; fileRef = A28BBD1E21EEA1D90076F7BC /* LaunchScreen.storyboard */; };
		A28BBD2B21EEA1D90076F7BC /* SafeAlertTests.swift in Sources */ = {isa = PBXBuildFile; fileRef = A28BBD2A21EEA1D90076F7BC /* SafeAlertTests.swift */; };
		A28BBD3621EEA1D90076F7BC /* SafeAlertUITests.swift in Sources */ = {isa = PBXBuildFile; fileRef = A28BBD3521EEA1D90076F7BC /* SafeAlertUITests.swift */; };
		A2EA34A021F0FDCA0004F415 /* keys.plist in Resources */ = {isa = PBXBuildFile; fileRef = A2EA349F21F0FDCA0004F415 /* keys.plist */; };
/* End PBXBuildFile section */

/* Begin PBXContainerItemProxy section */
		A28BBD2721EEA1D90076F7BC /* PBXContainerItemProxy */ = {
			isa = PBXContainerItemProxy;
			containerPortal = A28BBD0A21EEA1D60076F7BC /* Project object */;
			proxyType = 1;
			remoteGlobalIDString = A28BBD1121EEA1D60076F7BC;
			remoteInfo = SafeAlert;
		};
		A28BBD3221EEA1D90076F7BC /* PBXContainerItemProxy */ = {
			isa = PBXContainerItemProxy;
			containerPortal = A28BBD0A21EEA1D60076F7BC /* Project object */;
			proxyType = 1;
			remoteGlobalIDString = A28BBD1121EEA1D60076F7BC;
			remoteInfo = SafeAlert;
		};
/* End PBXContainerItemProxy section */

/* Begin PBXFileReference section */
		A2359DA621F7D2CD005EEE71 /* LoginViewController.swift */ = {isa = PBXFileReference; lastKnownFileType = sourcecode.swift; path = LoginViewController.swift; sourceTree = "<group>"; };
		A2359DA821F7F5D1005EEE71 /* ContactTableViewCell.swift */ = {isa = PBXFileReference; lastKnownFileType = sourcecode.swift; path = ContactTableViewCell.swift; sourceTree = "<group>"; };
		A2359DAA21F8DB00005EEE71 /* Contact.swift */ = {isa = PBXFileReference; lastKnownFileType = sourcecode.swift; path = Contact.swift; sourceTree = "<group>"; };
		A2359DB021F8E1D9005EEE71 /* AddContactViewController.swift */ = {isa = PBXFileReference; lastKnownFileType = sourcecode.swift; path = AddContactViewController.swift; sourceTree = "<group>"; };
		A28BBD1221EEA1D60076F7BC /* SafeAlert.app */ = {isa = PBXFileReference; explicitFileType = wrapper.application; includeInIndex = 0; path = SafeAlert.app; sourceTree = BUILT_PRODUCTS_DIR; };
		A28BBD1521EEA1D60076F7BC /* AppDelegate.swift */ = {isa = PBXFileReference; lastKnownFileType = sourcecode.swift; path = AppDelegate.swift; sourceTree = "<group>"; };
		A28BBD1721EEA1D60076F7BC /* MainViewController.swift */ = {isa = PBXFileReference; lastKnownFileType = sourcecode.swift; path = MainViewController.swift; sourceTree = "<group>"; };
		A28BBD1A21EEA1D60076F7BC /* Base */ = {isa = PBXFileReference; lastKnownFileType = file.storyboard; name = Base; path = Base.lproj/Main.storyboard; sourceTree = "<group>"; };
		A28BBD1C21EEA1D90076F7BC /* Assets.xcassets */ = {isa = PBXFileReference; lastKnownFileType = folder.assetcatalog; path = Assets.xcassets; sourceTree = "<group>"; };
		A28BBD1F21EEA1D90076F7BC /* Base */ = {isa = PBXFileReference; lastKnownFileType = file.storyboard; name = Base; path = Base.lproj/LaunchScreen.storyboard; sourceTree = "<group>"; };
		A28BBD2121EEA1D90076F7BC /* Info.plist */ = {isa = PBXFileReference; lastKnownFileType = text.plist.xml; path = Info.plist; sourceTree = "<group>"; };
		A28BBD2621EEA1D90076F7BC /* SafeAlertTests.xctest */ = {isa = PBXFileReference; explicitFileType = wrapper.cfbundle; includeInIndex = 0; path = SafeAlertTests.xctest; sourceTree = BUILT_PRODUCTS_DIR; };
		A28BBD2A21EEA1D90076F7BC /* SafeAlertTests.swift */ = {isa = PBXFileReference; lastKnownFileType = sourcecode.swift; path = SafeAlertTests.swift; sourceTree = "<group>"; };
		A28BBD2C21EEA1D90076F7BC /* Info.plist */ = {isa = PBXFileReference; lastKnownFileType = text.plist.xml; path = Info.plist; sourceTree = "<group>"; };
		A28BBD3121EEA1D90076F7BC /* SafeAlertUITests.xctest */ = {isa = PBXFileReference; explicitFileType = wrapper.cfbundle; includeInIndex = 0; path = SafeAlertUITests.xctest; sourceTree = BUILT_PRODUCTS_DIR; };
		A28BBD3521EEA1D90076F7BC /* SafeAlertUITests.swift */ = {isa = PBXFileReference; lastKnownFileType = sourcecode.swift; path = SafeAlertUITests.swift; sourceTree = "<group>"; };
		A28BBD3721EEA1D90076F7BC /* Info.plist */ = {isa = PBXFileReference; lastKnownFileType = text.plist.xml; path = Info.plist; sourceTree = "<group>"; };
		A2EA349F21F0FDCA0004F415 /* keys.plist */ = {isa = PBXFileReference; lastKnownFileType = text.plist.xml; path = keys.plist; sourceTree = "<group>"; };
		E49E755A5F0A95F2998DA2D8 /* Pods_SafeAlert.framework */ = {isa = PBXFileReference; explicitFileType = wrapper.framework; includeInIndex = 0; path = Pods_SafeAlert.framework; sourceTree = BUILT_PRODUCTS_DIR; };
		F39BFAEA8660CB15B6E729FD /* Pods-SafeAlert.release.xcconfig */ = {isa = PBXFileReference; includeInIndex = 1; lastKnownFileType = text.xcconfig; name = "Pods-SafeAlert.release.xcconfig"; path = "Pods/Target Support Files/Pods-SafeAlert/Pods-SafeAlert.release.xcconfig"; sourceTree = "<group>"; };
		FE6D2F401D71F883D9262FC1 /* Pods-SafeAlert.debug.xcconfig */ = {isa = PBXFileReference; includeInIndex = 1; lastKnownFileType = text.xcconfig; name = "Pods-SafeAlert.debug.xcconfig"; path = "Pods/Target Support Files/Pods-SafeAlert/Pods-SafeAlert.debug.xcconfig"; sourceTree = "<group>"; };
/* End PBXFileReference section */

/* Begin PBXFrameworksBuildPhase section */
		A28BBD0F21EEA1D60076F7BC /* Frameworks */ = {
			isa = PBXFrameworksBuildPhase;
			buildActionMask = 2147483647;
			files = (
				5212FCAC2D915AC619E0894A /* Pods_SafeAlert.framework in Frameworks */,
			);
			runOnlyForDeploymentPostprocessing = 0;
		};
		A28BBD2321EEA1D90076F7BC /* Frameworks */ = {
			isa = PBXFrameworksBuildPhase;
			buildActionMask = 2147483647;
			files = (
			);
			runOnlyForDeploymentPostprocessing = 0;
		};
		A28BBD2E21EEA1D90076F7BC /* Frameworks */ = {
			isa = PBXFrameworksBuildPhase;
			buildActionMask = 2147483647;
			files = (
			);
			runOnlyForDeploymentPostprocessing = 0;
		};
/* End PBXFrameworksBuildPhase section */

/* Begin PBXGroup section */
		A2359DAC21F8DB09005EEE71 /* Objects */ = {
			isa = PBXGroup;
			children = (
				A2359DAA21F8DB00005EEE71 /* Contact.swift */,
			);
			path = Objects;
			sourceTree = "<group>";
		};
		A2359DAE21F8DB36005EEE71 /* View Controllers */ = {
			isa = PBXGroup;
			children = (
				A2359DA621F7D2CD005EEE71 /* LoginViewController.swift */,
				A28BBD1721EEA1D60076F7BC /* MainViewController.swift */,
				A2359DB021F8E1D9005EEE71 /* AddContactViewController.swift */,
			);
			path = "View Controllers";
			sourceTree = "<group>";
		};
		A2359DAF21F8DB5D005EEE71 /* TableView */ = {
			isa = PBXGroup;
			children = (
				A2359DA821F7F5D1005EEE71 /* ContactTableViewCell.swift */,
			);
			path = TableView;
			sourceTree = "<group>";
		};
		A28BBD0921EEA1D60076F7BC = {
			isa = PBXGroup;
			children = (
				A28BBD1421EEA1D60076F7BC /* SafeAlert */,
				A28BBD2921EEA1D90076F7BC /* SafeAlertTests */,
				A28BBD3421EEA1D90076F7BC /* SafeAlertUITests */,
				A28BBD1321EEA1D60076F7BC /* Products */,
				EFB49679CA6E73B7C6DFD6F4 /* Pods */,
				EE26B48B8C681507F94FE8FD /* Frameworks */,
			);
			sourceTree = "<group>";
		};
		A28BBD1321EEA1D60076F7BC /* Products */ = {
			isa = PBXGroup;
			children = (
				A28BBD1221EEA1D60076F7BC /* SafeAlert.app */,
				A28BBD2621EEA1D90076F7BC /* SafeAlertTests.xctest */,
				A28BBD3121EEA1D90076F7BC /* SafeAlertUITests.xctest */,
			);
			name = Products;
			sourceTree = "<group>";
		};
		A28BBD1421EEA1D60076F7BC /* SafeAlert */ = {
			isa = PBXGroup;
			children = (
				A28BBD1521EEA1D60076F7BC /* AppDelegate.swift */,
				A2359DAE21F8DB36005EEE71 /* View Controllers */,
				A2359DAC21F8DB09005EEE71 /* Objects */,
				A2359DAF21F8DB5D005EEE71 /* TableView */,
				A28BBD1921EEA1D60076F7BC /* Main.storyboard */,
				A28BBD1C21EEA1D90076F7BC /* Assets.xcassets */,
				A28BBD1E21EEA1D90076F7BC /* LaunchScreen.storyboard */,
				A28BBD2121EEA1D90076F7BC /* Info.plist */,
				A2EA349F21F0FDCA0004F415 /* keys.plist */,
			);
			path = SafeAlert;
			sourceTree = "<group>";
		};
		A28BBD2921EEA1D90076F7BC /* SafeAlertTests */ = {
			isa = PBXGroup;
			children = (
				A28BBD2A21EEA1D90076F7BC /* SafeAlertTests.swift */,
				A28BBD2C21EEA1D90076F7BC /* Info.plist */,
			);
			path = SafeAlertTests;
			sourceTree = "<group>";
		};
		A28BBD3421EEA1D90076F7BC /* SafeAlertUITests */ = {
			isa = PBXGroup;
			children = (
				A28BBD3521EEA1D90076F7BC /* SafeAlertUITests.swift */,
				A28BBD3721EEA1D90076F7BC /* Info.plist */,
			);
			path = SafeAlertUITests;
			sourceTree = "<group>";
		};
		EE26B48B8C681507F94FE8FD /* Frameworks */ = {
			isa = PBXGroup;
			children = (
				E49E755A5F0A95F2998DA2D8 /* Pods_SafeAlert.framework */,
			);
			name = Frameworks;
			sourceTree = "<group>";
		};
		EFB49679CA6E73B7C6DFD6F4 /* Pods */ = {
			isa = PBXGroup;
			children = (
				FE6D2F401D71F883D9262FC1 /* Pods-SafeAlert.debug.xcconfig */,
				F39BFAEA8660CB15B6E729FD /* Pods-SafeAlert.release.xcconfig */,
			);
			name = Pods;
			sourceTree = "<group>";
		};
/* End PBXGroup section */

/* Begin PBXNativeTarget section */
		A28BBD1121EEA1D60076F7BC /* SafeAlert */ = {
			isa = PBXNativeTarget;
			buildConfigurationList = A28BBD3A21EEA1D90076F7BC /* Build configuration list for PBXNativeTarget "SafeAlert" */;
			buildPhases = (
				D2F12A956831735F8EB46457 /* [CP] Check Pods Manifest.lock */,
				A28BBD0E21EEA1D60076F7BC /* Sources */,
				A28BBD0F21EEA1D60076F7BC /* Frameworks */,
				A28BBD1021EEA1D60076F7BC /* Resources */,
				2CDE7D1B8337995CCF117D06 /* [CP] Embed Pods Frameworks */,
			);
			buildRules = (
			);
			dependencies = (
			);
			name = SafeAlert;
			productName = SafeAlert;
			productReference = A28BBD1221EEA1D60076F7BC /* SafeAlert.app */;
			productType = "com.apple.product-type.application";
		};
		A28BBD2521EEA1D90076F7BC /* SafeAlertTests */ = {
			isa = PBXNativeTarget;
			buildConfigurationList = A28BBD3D21EEA1D90076F7BC /* Build configuration list for PBXNativeTarget "SafeAlertTests" */;
			buildPhases = (
				A28BBD2221EEA1D90076F7BC /* Sources */,
				A28BBD2321EEA1D90076F7BC /* Frameworks */,
				A28BBD2421EEA1D90076F7BC /* Resources */,
			);
			buildRules = (
			);
			dependencies = (
				A28BBD2821EEA1D90076F7BC /* PBXTargetDependency */,
			);
			name = SafeAlertTests;
			productName = SafeAlertTests;
			productReference = A28BBD2621EEA1D90076F7BC /* SafeAlertTests.xctest */;
			productType = "com.apple.product-type.bundle.unit-test";
		};
		A28BBD3021EEA1D90076F7BC /* SafeAlertUITests */ = {
			isa = PBXNativeTarget;
			buildConfigurationList = A28BBD4021EEA1D90076F7BC /* Build configuration list for PBXNativeTarget "SafeAlertUITests" */;
			buildPhases = (
				A28BBD2D21EEA1D90076F7BC /* Sources */,
				A28BBD2E21EEA1D90076F7BC /* Frameworks */,
				A28BBD2F21EEA1D90076F7BC /* Resources */,
			);
			buildRules = (
			);
			dependencies = (
				A28BBD3321EEA1D90076F7BC /* PBXTargetDependency */,
			);
			name = SafeAlertUITests;
			productName = SafeAlertUITests;
			productReference = A28BBD3121EEA1D90076F7BC /* SafeAlertUITests.xctest */;
			productType = "com.apple.product-type.bundle.ui-testing";
		};
/* End PBXNativeTarget section */

/* Begin PBXProject section */
		A28BBD0A21EEA1D60076F7BC /* Project object */ = {
			isa = PBXProject;
			attributes = {
				LastSwiftUpdateCheck = 1010;
				LastUpgradeCheck = 1010;
				ORGANIZATIONNAME = "Samba Diallo";
				TargetAttributes = {
					A28BBD1121EEA1D60076F7BC = {
						CreatedOnToolsVersion = 10.1;
					};
					A28BBD2521EEA1D90076F7BC = {
						CreatedOnToolsVersion = 10.1;
						TestTargetID = A28BBD1121EEA1D60076F7BC;
					};
					A28BBD3021EEA1D90076F7BC = {
						CreatedOnToolsVersion = 10.1;
						TestTargetID = A28BBD1121EEA1D60076F7BC;
					};
				};
			};
			buildConfigurationList = A28BBD0D21EEA1D60076F7BC /* Build configuration list for PBXProject "SafeAlert" */;
			compatibilityVersion = "Xcode 9.3";
			developmentRegion = en;
			hasScannedForEncodings = 0;
			knownRegions = (
				en,
				Base,
			);
			mainGroup = A28BBD0921EEA1D60076F7BC;
			productRefGroup = A28BBD1321EEA1D60076F7BC /* Products */;
			projectDirPath = "";
			projectRoot = "";
			targets = (
				A28BBD1121EEA1D60076F7BC /* SafeAlert */,
				A28BBD2521EEA1D90076F7BC /* SafeAlertTests */,
				A28BBD3021EEA1D90076F7BC /* SafeAlertUITests */,
			);
		};
/* End PBXProject section */

/* Begin PBXResourcesBuildPhase section */
		A28BBD1021EEA1D60076F7BC /* Resources */ = {
			isa = PBXResourcesBuildPhase;
			buildActionMask = 2147483647;
			files = (
				A2EA34A021F0FDCA0004F415 /* keys.plist in Resources */,
				A28BBD2021EEA1D90076F7BC /* LaunchScreen.storyboard in Resources */,
				A28BBD1D21EEA1D90076F7BC /* Assets.xcassets in Resources */,
				A28BBD1B21EEA1D60076F7BC /* Main.storyboard in Resources */,
			);
			runOnlyForDeploymentPostprocessing = 0;
		};
		A28BBD2421EEA1D90076F7BC /* Resources */ = {
			isa = PBXResourcesBuildPhase;
			buildActionMask = 2147483647;
			files = (
			);
			runOnlyForDeploymentPostprocessing = 0;
		};
		A28BBD2F21EEA1D90076F7BC /* Resources */ = {
			isa = PBXResourcesBuildPhase;
			buildActionMask = 2147483647;
			files = (
			);
			runOnlyForDeploymentPostprocessing = 0;
		};
/* End PBXResourcesBuildPhase section */

/* Begin PBXShellScriptBuildPhase section */
		2CDE7D1B8337995CCF117D06 /* [CP] Embed Pods Frameworks */ = {
			isa = PBXShellScriptBuildPhase;
			buildActionMask = 2147483647;
			files = (
			);
			inputPaths = (
				"${SRCROOT}/Pods/Target Support Files/Pods-SafeAlert/Pods-SafeAlert-frameworks.sh",
				"${BUILT_PRODUCTS_DIR}/Bolts/Bolts.framework",
				"${BUILT_PRODUCTS_DIR}/Parse/Parse.framework",
				"${BUILT_PRODUCTS_DIR}/PubNub/PubNub.framework",
			);
			name = "[CP] Embed Pods Frameworks";
			outputPaths = (
				"${TARGET_BUILD_DIR}/${FRAMEWORKS_FOLDER_PATH}/Bolts.framework",
				"${TARGET_BUILD_DIR}/${FRAMEWORKS_FOLDER_PATH}/Parse.framework",
				"${TARGET_BUILD_DIR}/${FRAMEWORKS_FOLDER_PATH}/PubNub.framework",
			);
			runOnlyForDeploymentPostprocessing = 0;
			shellPath = /bin/sh;
			shellScript = "\"${SRCROOT}/Pods/Target Support Files/Pods-SafeAlert/Pods-SafeAlert-frameworks.sh\"\n";
			showEnvVarsInLog = 0;
		};
		D2F12A956831735F8EB46457 /* [CP] Check Pods Manifest.lock */ = {
			isa = PBXShellScriptBuildPhase;
			buildActionMask = 2147483647;
			files = (
			);
			inputPaths = (
				"${PODS_PODFILE_DIR_PATH}/Podfile.lock",
				"${PODS_ROOT}/Manifest.lock",
			);
			name = "[CP] Check Pods Manifest.lock";
			outputPaths = (
				"$(DERIVED_FILE_DIR)/Pods-SafeAlert-checkManifestLockResult.txt",
			);
			runOnlyForDeploymentPostprocessing = 0;
			shellPath = /bin/sh;
			shellScript = "diff \"${PODS_PODFILE_DIR_PATH}/Podfile.lock\" \"${PODS_ROOT}/Manifest.lock\" > /dev/null\nif [ $? != 0 ] ; then\n    # print error to STDERR\n    echo \"error: The sandbox is not in sync with the Podfile.lock. Run 'pod install' or update your CocoaPods installation.\" >&2\n    exit 1\nfi\n# This output is used by Xcode 'outputs' to avoid re-running this script phase.\necho \"SUCCESS\" > \"${SCRIPT_OUTPUT_FILE_0}\"\n";
			showEnvVarsInLog = 0;
		};
/* End PBXShellScriptBuildPhase section */

/* Begin PBXSourcesBuildPhase section */
		A28BBD0E21EEA1D60076F7BC /* Sources */ = {
			isa = PBXSourcesBuildPhase;
			buildActionMask = 2147483647;
			files = (
				A2359DA921F7F5D1005EEE71 /* ContactTableViewCell.swift in Sources */,
				A2359DA721F7D2CD005EEE71 /* LoginViewController.swift in Sources */,
				A2359DAB21F8DB00005EEE71 /* Contact.swift in Sources */,
				A2359DB121F8E1D9005EEE71 /* AddContactViewController.swift in Sources */,
				A28BBD1821EEA1D60076F7BC /* MainViewController.swift in Sources */,
				A28BBD1621EEA1D60076F7BC /* AppDelegate.swift in Sources */,
			);
			runOnlyForDeploymentPostprocessing = 0;
		};
		A28BBD2221EEA1D90076F7BC /* Sources */ = {
			isa = PBXSourcesBuildPhase;
			buildActionMask = 2147483647;
			files = (
				A28BBD2B21EEA1D90076F7BC /* SafeAlertTests.swift in Sources */,
			);
			runOnlyForDeploymentPostprocessing = 0;
		};
		A28BBD2D21EEA1D90076F7BC /* Sources */ = {
			isa = PBXSourcesBuildPhase;
			buildActionMask = 2147483647;
			files = (
				A28BBD3621EEA1D90076F7BC /* SafeAlertUITests.swift in Sources */,
			);
			runOnlyForDeploymentPostprocessing = 0;
		};
/* End PBXSourcesBuildPhase section */

/* Begin PBXTargetDependency section */
		A28BBD2821EEA1D90076F7BC /* PBXTargetDependency */ = {
			isa = PBXTargetDependency;
			target = A28BBD1121EEA1D60076F7BC /* SafeAlert */;
			targetProxy = A28BBD2721EEA1D90076F7BC /* PBXContainerItemProxy */;
		};
		A28BBD3321EEA1D90076F7BC /* PBXTargetDependency */ = {
			isa = PBXTargetDependency;
			target = A28BBD1121EEA1D60076F7BC /* SafeAlert */;
			targetProxy = A28BBD3221EEA1D90076F7BC /* PBXContainerItemProxy */;
		};
/* End PBXTargetDependency section */

/* Begin PBXVariantGroup section */
		A28BBD1921EEA1D60076F7BC /* Main.storyboard */ = {
			isa = PBXVariantGroup;
			children = (
				A28BBD1A21EEA1D60076F7BC /* Base */,
			);
			name = Main.storyboard;
			sourceTree = "<group>";
		};
		A28BBD1E21EEA1D90076F7BC /* LaunchScreen.storyboard */ = {
			isa = PBXVariantGroup;
			children = (
				A28BBD1F21EEA1D90076F7BC /* Base */,
			);
			name = LaunchScreen.storyboard;
			sourceTree = "<group>";
		};
/* End PBXVariantGroup section */

/* Begin XCBuildConfiguration section */
		A28BBD3821EEA1D90076F7BC /* Debug */ = {
			isa = XCBuildConfiguration;
			buildSettings = {
				ALWAYS_SEARCH_USER_PATHS = NO;
				CLANG_ANALYZER_NONNULL = YES;
				CLANG_ANALYZER_NUMBER_OBJECT_CONVERSION = YES_AGGRESSIVE;
				CLANG_CXX_LANGUAGE_STANDARD = "gnu++14";
				CLANG_CXX_LIBRARY = "libc++";
				CLANG_ENABLE_MODULES = YES;
				CLANG_ENABLE_OBJC_ARC = YES;
				CLANG_ENABLE_OBJC_WEAK = YES;
				CLANG_WARN_BLOCK_CAPTURE_AUTORELEASING = YES;
				CLANG_WARN_BOOL_CONVERSION = YES;
				CLANG_WARN_COMMA = YES;
				CLANG_WARN_CONSTANT_CONVERSION = YES;
				CLANG_WARN_DEPRECATED_OBJC_IMPLEMENTATIONS = YES;
				CLANG_WARN_DIRECT_OBJC_ISA_USAGE = YES_ERROR;
				CLANG_WARN_DOCUMENTATION_COMMENTS = YES;
				CLANG_WARN_EMPTY_BODY = YES;
				CLANG_WARN_ENUM_CONVERSION = YES;
				CLANG_WARN_INFINITE_RECURSION = YES;
				CLANG_WARN_INT_CONVERSION = YES;
				CLANG_WARN_NON_LITERAL_NULL_CONVERSION = YES;
				CLANG_WARN_OBJC_IMPLICIT_RETAIN_SELF = YES;
				CLANG_WARN_OBJC_LITERAL_CONVERSION = YES;
				CLANG_WARN_OBJC_ROOT_CLASS = YES_ERROR;
				CLANG_WARN_RANGE_LOOP_ANALYSIS = YES;
				CLANG_WARN_STRICT_PROTOTYPES = YES;
				CLANG_WARN_SUSPICIOUS_MOVE = YES;
				CLANG_WARN_UNGUARDED_AVAILABILITY = YES_AGGRESSIVE;
				CLANG_WARN_UNREACHABLE_CODE = YES;
				CLANG_WARN__DUPLICATE_METHOD_MATCH = YES;
				CODE_SIGN_IDENTITY = "iPhone Developer";
				COPY_PHASE_STRIP = NO;
				DEBUG_INFORMATION_FORMAT = dwarf;
				ENABLE_STRICT_OBJC_MSGSEND = YES;
				ENABLE_TESTABILITY = YES;
				GCC_C_LANGUAGE_STANDARD = gnu11;
				GCC_DYNAMIC_NO_PIC = NO;
				GCC_NO_COMMON_BLOCKS = YES;
				GCC_OPTIMIZATION_LEVEL = 0;
				GCC_PREPROCESSOR_DEFINITIONS = (
					"DEBUG=1",
					"$(inherited)",
				);
				GCC_WARN_64_TO_32_BIT_CONVERSION = YES;
				GCC_WARN_ABOUT_RETURN_TYPE = YES_ERROR;
				GCC_WARN_UNDECLARED_SELECTOR = YES;
				GCC_WARN_UNINITIALIZED_AUTOS = YES_AGGRESSIVE;
				GCC_WARN_UNUSED_FUNCTION = YES;
				GCC_WARN_UNUSED_VARIABLE = YES;
				IPHONEOS_DEPLOYMENT_TARGET = 12.1;
				MTL_ENABLE_DEBUG_INFO = INCLUDE_SOURCE;
				MTL_FAST_MATH = YES;
				ONLY_ACTIVE_ARCH = YES;
				SDKROOT = iphoneos;
				SWIFT_ACTIVE_COMPILATION_CONDITIONS = DEBUG;
				SWIFT_OPTIMIZATION_LEVEL = "-Onone";
			};
			name = Debug;
		};
		A28BBD3921EEA1D90076F7BC /* Release */ = {
			isa = XCBuildConfiguration;
			buildSettings = {
				ALWAYS_SEARCH_USER_PATHS = NO;
				CLANG_ANALYZER_NONNULL = YES;
				CLANG_ANALYZER_NUMBER_OBJECT_CONVERSION = YES_AGGRESSIVE;
				CLANG_CXX_LANGUAGE_STANDARD = "gnu++14";
				CLANG_CXX_LIBRARY = "libc++";
				CLANG_ENABLE_MODULES = YES;
				CLANG_ENABLE_OBJC_ARC = YES;
				CLANG_ENABLE_OBJC_WEAK = YES;
				CLANG_WARN_BLOCK_CAPTURE_AUTORELEASING = YES;
				CLANG_WARN_BOOL_CONVERSION = YES;
				CLANG_WARN_COMMA = YES;
				CLANG_WARN_CONSTANT_CONVERSION = YES;
				CLANG_WARN_DEPRECATED_OBJC_IMPLEMENTATIONS = YES;
				CLANG_WARN_DIRECT_OBJC_ISA_USAGE = YES_ERROR;
				CLANG_WARN_DOCUMENTATION_COMMENTS = YES;
				CLANG_WARN_EMPTY_BODY = YES;
				CLANG_WARN_ENUM_CONVERSION = YES;
				CLANG_WARN_INFINITE_RECURSION = YES;
				CLANG_WARN_INT_CONVERSION = YES;
				CLANG_WARN_NON_LITERAL_NULL_CONVERSION = YES;
				CLANG_WARN_OBJC_IMPLICIT_RETAIN_SELF = YES;
				CLANG_WARN_OBJC_LITERAL_CONVERSION = YES;
				CLANG_WARN_OBJC_ROOT_CLASS = YES_ERROR;
				CLANG_WARN_RANGE_LOOP_ANALYSIS = YES;
				CLANG_WARN_STRICT_PROTOTYPES = YES;
				CLANG_WARN_SUSPICIOUS_MOVE = YES;
				CLANG_WARN_UNGUARDED_AVAILABILITY = YES_AGGRESSIVE;
				CLANG_WARN_UNREACHABLE_CODE = YES;
				CLANG_WARN__DUPLICATE_METHOD_MATCH = YES;
				CODE_SIGN_IDENTITY = "iPhone Developer";
				COPY_PHASE_STRIP = NO;
				DEBUG_INFORMATION_FORMAT = "dwarf-with-dsym";
				ENABLE_NS_ASSERTIONS = NO;
				ENABLE_STRICT_OBJC_MSGSEND = YES;
				GCC_C_LANGUAGE_STANDARD = gnu11;
				GCC_NO_COMMON_BLOCKS = YES;
				GCC_WARN_64_TO_32_BIT_CONVERSION = YES;
				GCC_WARN_ABOUT_RETURN_TYPE = YES_ERROR;
				GCC_WARN_UNDECLARED_SELECTOR = YES;
				GCC_WARN_UNINITIALIZED_AUTOS = YES_AGGRESSIVE;
				GCC_WARN_UNUSED_FUNCTION = YES;
				GCC_WARN_UNUSED_VARIABLE = YES;
				IPHONEOS_DEPLOYMENT_TARGET = 12.1;
				MTL_ENABLE_DEBUG_INFO = NO;
				MTL_FAST_MATH = YES;
				SDKROOT = iphoneos;
				SWIFT_COMPILATION_MODE = wholemodule;
				SWIFT_OPTIMIZATION_LEVEL = "-O";
				VALIDATE_PRODUCT = YES;
			};
			name = Release;
		};
		A28BBD3B21EEA1D90076F7BC /* Debug */ = {
			isa = XCBuildConfiguration;
			baseConfigurationReference = FE6D2F401D71F883D9262FC1 /* Pods-SafeAlert.debug.xcconfig */;
			buildSettings = {
				ASSETCATALOG_COMPILER_APPICON_NAME = AppIcon;
				CODE_SIGN_STYLE = Automatic;
				INFOPLIST_FILE = SafeAlert/Info.plist;
				LD_RUNPATH_SEARCH_PATHS = (
					"$(inherited)",
					"@executable_path/Frameworks",
				);
				PRODUCT_BUNDLE_IDENTIFIER = samba.SafeAlert;
				PRODUCT_NAME = "$(TARGET_NAME)";
				SWIFT_VERSION = 4.2;
				TARGETED_DEVICE_FAMILY = "1,2";
			};
			name = Debug;
		};
		A28BBD3C21EEA1D90076F7BC /* Release */ = {
			isa = XCBuildConfiguration;
			baseConfigurationReference = F39BFAEA8660CB15B6E729FD /* Pods-SafeAlert.release.xcconfig */;
			buildSettings = {
				ASSETCATALOG_COMPILER_APPICON_NAME = AppIcon;
				CODE_SIGN_STYLE = Automatic;
				INFOPLIST_FILE = SafeAlert/Info.plist;
				LD_RUNPATH_SEARCH_PATHS = (
					"$(inherited)",
					"@executable_path/Frameworks",
				);
				PRODUCT_BUNDLE_IDENTIFIER = samba.SafeAlert;
				PRODUCT_NAME = "$(TARGET_NAME)";
				SWIFT_VERSION = 4.2;
				TARGETED_DEVICE_FAMILY = "1,2";
			};
			name = Release;
		};
		A28BBD3E21EEA1D90076F7BC /* Debug */ = {
			isa = XCBuildConfiguration;
			buildSettings = {
				ALWAYS_EMBED_SWIFT_STANDARD_LIBRARIES = YES;
				BUNDLE_LOADER = "$(TEST_HOST)";
				CODE_SIGN_STYLE = Automatic;
				INFOPLIST_FILE = SafeAlertTests/Info.plist;
				LD_RUNPATH_SEARCH_PATHS = (
					"$(inherited)",
					"@executable_path/Frameworks",
					"@loader_path/Frameworks",
				);
				PRODUCT_BUNDLE_IDENTIFIER = samba.SafeAlertTests;
				PRODUCT_NAME = "$(TARGET_NAME)";
				SWIFT_VERSION = 4.2;
				TARGETED_DEVICE_FAMILY = "1,2";
				TEST_HOST = "$(BUILT_PRODUCTS_DIR)/SafeAlert.app/SafeAlert";
			};
			name = Debug;
		};
		A28BBD3F21EEA1D90076F7BC /* Release */ = {
			isa = XCBuildConfiguration;
			buildSettings = {
				ALWAYS_EMBED_SWIFT_STANDARD_LIBRARIES = YES;
				BUNDLE_LOADER = "$(TEST_HOST)";
				CODE_SIGN_STYLE = Automatic;
				INFOPLIST_FILE = SafeAlertTests/Info.plist;
				LD_RUNPATH_SEARCH_PATHS = (
					"$(inherited)",
					"@executable_path/Frameworks",
					"@loader_path/Frameworks",
				);
				PRODUCT_BUNDLE_IDENTIFIER = samba.SafeAlertTests;
				PRODUCT_NAME = "$(TARGET_NAME)";
				SWIFT_VERSION = 4.2;
				TARGETED_DEVICE_FAMILY = "1,2";
				TEST_HOST = "$(BUILT_PRODUCTS_DIR)/SafeAlert.app/SafeAlert";
			};
			name = Release;
		};
		A28BBD4121EEA1D90076F7BC /* Debug */ = {
			isa = XCBuildConfiguration;
			buildSettings = {
				ALWAYS_EMBED_SWIFT_STANDARD_LIBRARIES = YES;
				CODE_SIGN_STYLE = Automatic;
				INFOPLIST_FILE = SafeAlertUITests/Info.plist;
				LD_RUNPATH_SEARCH_PATHS = (
					"$(inherited)",
					"@executable_path/Frameworks",
					"@loader_path/Frameworks",
				);
				PRODUCT_BUNDLE_IDENTIFIER = samba.SafeAlertUITests;
				PRODUCT_NAME = "$(TARGET_NAME)";
				SWIFT_VERSION = 4.2;
				TARGETED_DEVICE_FAMILY = "1,2";
				TEST_TARGET_NAME = SafeAlert;
			};
			name = Debug;
		};
		A28BBD4221EEA1D90076F7BC /* Release */ = {
			isa = XCBuildConfiguration;
			buildSettings = {
				ALWAYS_EMBED_SWIFT_STANDARD_LIBRARIES = YES;
				CODE_SIGN_STYLE = Automatic;
				INFOPLIST_FILE = SafeAlertUITests/Info.plist;
				LD_RUNPATH_SEARCH_PATHS = (
					"$(inherited)",
					"@executable_path/Frameworks",
					"@loader_path/Frameworks",
				);
				PRODUCT_BUNDLE_IDENTIFIER = samba.SafeAlertUITests;
				PRODUCT_NAME = "$(TARGET_NAME)";
				SWIFT_VERSION = 4.2;
				TARGETED_DEVICE_FAMILY = "1,2";
				TEST_TARGET_NAME = SafeAlert;
			};
			name = Release;
		};
/* End XCBuildConfiguration section */

/* Begin XCConfigurationList section */
		A28BBD0D21EEA1D60076F7BC /* Build configuration list for PBXProject "SafeAlert" */ = {
			isa = XCConfigurationList;
			buildConfigurations = (
				A28BBD3821EEA1D90076F7BC /* Debug */,
				A28BBD3921EEA1D90076F7BC /* Release */,
			);
			defaultConfigurationIsVisible = 0;
			defaultConfigurationName = Release;
		};
		A28BBD3A21EEA1D90076F7BC /* Build configuration list for PBXNativeTarget "SafeAlert" */ = {
			isa = XCConfigurationList;
			buildConfigurations = (
				A28BBD3B21EEA1D90076F7BC /* Debug */,
				A28BBD3C21EEA1D90076F7BC /* Release */,
			);
			defaultConfigurationIsVisible = 0;
			defaultConfigurationName = Release;
		};
		A28BBD3D21EEA1D90076F7BC /* Build configuration list for PBXNativeTarget "SafeAlertTests" */ = {
			isa = XCConfigurationList;
			buildConfigurations = (
				A28BBD3E21EEA1D90076F7BC /* Debug */,
				A28BBD3F21EEA1D90076F7BC /* Release */,
			);
			defaultConfigurationIsVisible = 0;
			defaultConfigurationName = Release;
		};
		A28BBD4021EEA1D90076F7BC /* Build configuration list for PBXNativeTarget "SafeAlertUITests" */ = {
			isa = XCConfigurationList;
			buildConfigurations = (
				A28BBD4121EEA1D90076F7BC /* Debug */,
				A28BBD4221EEA1D90076F7BC /* Release */,
			);
			defaultConfigurationIsVisible = 0;
			defaultConfigurationName = Release;
		};
/* End XCConfigurationList section */
	};
	rootObject = A28BBD0A21EEA1D60076F7BC /* Project object */;
}
